{
  "name": "prescriptive-solutions",
  "version": "0.1.0",
  "lockfileVersion": 1,
  "requires": true,
  "dependencies": {
    "@babel/runtime": {
      "version": "7.12.5",
      "resolved": "https://registry.npmjs.org/@babel/runtime/-/runtime-7.12.5.tgz",
      "integrity": "sha512-plcc+hbExy3McchJCEQG3knOsuh3HH+Prx1P6cLIkET/0dLuQDEnrT+s27Axgc9bqfsmNUNHfscgMUdBpC9xfg==",
      "requires": {
        "regenerator-runtime": "^0.13.4"
      }
    },
    "gatsby-plugin-force-trailing-slashes": {
      "version": "1.0.5",
      "resolved": "https://registry.npmjs.org/gatsby-plugin-force-trailing-slashes/-/gatsby-plugin-force-trailing-slashes-1.0.5.tgz",
      "integrity": "sha512-RxRdW++bvSHv4Mho999W0LLNdiQX1OMOvY0v1TlafcaYqJ93fYV/Jp3DDD6PKS0PAKNS8Q8DRsD67cipFmZCFA==",
      "requires": {
        "@babel/runtime": "7.12.5"
      }
    },
    "regenerator-runtime": {
      "version": "0.13.7",
      "resolved": "https://registry.npmjs.org/regenerator-runtime/-/regenerator-runtime-0.13.7.tgz",
      "integrity": "sha512-a54FxoJDIr27pgf7IgeQGxmqUNYrcV338lf/6gH456HZ/PhX+5BcwHXG9ajESmwe6WRO0tAzRUrRmNONWgkrew=="
    }
  }
}
